// !$*UTF8*$!
{
	archiveVersion = 1;
	classes = {
	};
	objectVersion = 46;
	objects = {

/* Begin PBXBuildFile section */
		ACB525571E30673C0004F117 /* main.m in Sources */ = {isa = PBXBuildFile; fileRef = ACB525561E30673C0004F117 /* main.m */; };
		ACB5255A1E30673C0004F117 /* AppDelegate.m in Sources */ = {isa = PBXBuildFile; fileRef = ACB525591E30673C0004F117 /* AppDelegate.m */; };
		ACB5255D1E30673C0004F117 /* ViewController.m in Sources */ = {isa = PBXBuildFile; fileRef = ACB5255C1E30673C0004F117 /* ViewController.m */; };
		ACB525601E30673C0004F117 /* Main.storyboard in Resources */ = {isa = PBXBuildFile; fileRef = ACB5255E1E30673C0004F117 /* Main.storyboard */; };
		ACB525621E30673C0004F117 /* Assets.xcassets in Resources */ = {isa = PBXBuildFile; fileRef = ACB525611E30673C0004F117 /* Assets.xcassets */; };
		ACB525651E30673C0004F117 /* LaunchScreen.storyboard in Resources */ = {isa = PBXBuildFile; fileRef = ACB525631E30673C0004F117 /* LaunchScreen.storyboard */; };
		ACB525701E3076600004F117 /* Module.m in Sources */ = {isa = PBXBuildFile; fileRef = ACB5256F1E3076600004F117 /* Module.m */; };
/* End PBXBuildFile section */

/* Begin PBXFileReference section */
		ACB525521E30673C0004F117 /* SimpleDemo.app */ = {isa = PBXFileReference; explicitFileType = wrapper.application; includeInIndex = 0; path = SimpleDemo.app; sourceTree = BUILT_PRODUCTS_DIR; };
		ACB525561E30673C0004F117 /* main.m */ = {isa = PBXFileReference; lastKnownFileType = sourcecode.c.objc; path = main.m; sourceTree = "<group>"; };
		ACB525581E30673C0004F117 /* AppDelegate.h */ = {isa = PBXFileReference; lastKnownFileType = sourcecode.c.h; path = AppDelegate.h; sourceTree = "<group>"; };
		ACB525591E30673C0004F117 /* AppDelegate.m */ = {isa = PBXFileReference; lastKnownFileType = sourcecode.c.objc; path = AppDelegate.m; sourceTree = "<group>"; };
		ACB5255B1E30673C0004F117 /* ViewController.h */ = {isa = PBXFileReference; lastKnownFileType = sourcecode.c.h; path = ViewController.h; sourceTree = "<group>"; };
		ACB5255C1E30673C0004F117 /* ViewController.m */ = {isa = PBXFileReference; lastKnownFileType = sourcecode.c.objc; path = ViewController.m; sourceTree = "<group>"; };
		ACB5255F1E30673C0004F117 /* Base */ = {isa = PBXFileReference; lastKnownFileType = file.storyboard; name = Base; path = Base.lproj/Main.storyboard; sourceTree = "<group>"; };
		ACB525611E30673C0004F117 /* Assets.xcassets */ = {isa = PBXFileReference; lastKnownFileType = folder.assetcatalog; path = Assets.xcassets; sourceTree = "<group>"; };
		ACB525641E30673C0004F117 /* Base */ = {isa = PBXFileReference; lastKnownFileType = file.storyboard; name = Base; path = Base.lproj/LaunchScreen.storyboard; sourceTree = "<group>"; };
		ACB525661E30673C0004F117 /* Info.plist */ = {isa = PBXFileReference; lastKnownFileType = text.plist.xml; path = Info.plist; sourceTree = "<group>"; };
		ACB5256E1E3076600004F117 /* Module.h */ = {isa = PBXFileReference; fileEncoding = 4; lastKnownFileType = sourcecode.c.h; path = Module.h; sourceTree = "<group>"; };
		ACB5256F1E3076600004F117 /* Module.m */ = {isa = PBXFileReference; fileEncoding = 4; lastKnownFileType = sourcecode.c.objc; path = Module.m; sourceTree = "<group>"; };
/* End PBXFileReference section */

/* Begin PBXFrameworksBuildPhase section */
		ACB5254F1E30673C0004F117 /* Frameworks */ = {
			isa = PBXFrameworksBuildPhase;
			buildActionMask = 2147483647;
			files = (
			);
			runOnlyForDeploymentPostprocessing = 0;
		};
/* End PBXFrameworksBuildPhase section */

/* Begin PBXGroup section */
		ACB525491E30673C0004F117 = {
			isa = PBXGroup;
			children = (
				ACB525541E30673C0004F117 /* SimpleDemo */,
				ACB525531E30673C0004F117 /* Products */,
			);
			sourceTree = "<group>";
		};
		ACB525531E30673C0004F117 /* Products */ = {
			isa = PBXGroup;
			children = (
				ACB525521E30673C0004F117 /* SimpleDemo.app */,
			);
			name = Products;
			sourceTree = "<group>";
		};
		ACB525541E30673C0004F117 /* SimpleDemo */ = {
			isa = PBXGroup;
			children = (
				ACB5256D1E30763C0004F117 /* Module */,
				ACB525581E30673C0004F117 /* AppDelegate.h */,
				ACB525591E30673C0004F117 /* AppDelegate.m */,
				ACB5255B1E30673C0004F117 /* ViewController.h */,
				ACB5255C1E30673C0004F117 /* ViewController.m */,
				ACB5255E1E30673C0004F117 /* Main.storyboard */,
				ACB525611E30673C0004F117 /* Assets.xcassets */,
				ACB525631E30673C0004F117 /* LaunchScreen.storyboard */,
				ACB525661E30673C0004F117 /* Info.plist */,
				ACB525551E30673C0004F117 /* Supporting Files */,
			);
			path = SimpleDemo;
			sourceTree = "<group>";
		};
		ACB525551E30673C0004F117 /* Supporting Files */ = {
			isa = PBXGroup;
			children = (
				ACB525561E30673C0004F117 /* main.m */,
			);
			name = "Supporting Files";
			sourceTree = "<group>";
		};
		ACB5256D1E30763C0004F117 /* Module */ = {
			isa = PBXGroup;
			children = (
				ACB5256E1E3076600004F117 /* Module.h */,
				ACB5256F1E3076600004F117 /* Module.m */,
			);
			path = Module;
			sourceTree = "<group>";
		};
/* End PBXGroup section */

/* Begin PBXNativeTarget section */
		ACB525511E30673C0004F117 /* SimpleDemo */ = {
			isa = PBXNativeTarget;
			buildConfigurationList = ACB525691E30673C0004F117 /* Build configuration list for PBXNativeTarget "SimpleDemo" */;
			buildPhases = (
				ACB5254E1E30673C0004F117 /* Sources */,
				ACB5254F1E30673C0004F117 /* Frameworks */,
				ACB525501E30673C0004F117 /* Resources */,
			);
			buildRules = (
			);
			dependencies = (
			);
			name = SimpleDemo;
			productName = SimpleDemo;
			productReference = ACB525521E30673C0004F117 /* SimpleDemo.app */;
			productType = "com.apple.product-type.application";
		};
/* End PBXNativeTarget section */

/* Begin PBXProject section */
		ACB5254A1E30673C0004F117 /* Project object */ = {
			isa = PBXProject;
			attributes = {
				LastUpgradeCheck = 0820;
				ORGANIZATIONNAME = XZY;
				TargetAttributes = {
					ACB525511E30673C0004F117 = {
						CreatedOnToolsVersion = 8.2.1;
						DevelopmentTeam = 9RAUZ2WM43;
						ProvisioningStyle = Automatic;
					};
				};
			};
			buildConfigurationList = ACB5254D1E30673C0004F117 /* Build configuration list for PBXProject "SimpleDemo" */;
			compatibilityVersion = "Xcode 3.2";
			developmentRegion = English;
			hasScannedForEncodings = 0;
			knownRegions = (
				en,
				Base,
			);
			mainGroup = ACB525491E30673C0004F117;
			productRefGroup = ACB525531E30673C0004F117 /* Products */;
			projectDirPath = "";
			projectRoot = "";
			targets = (
				ACB525511E30673C0004F117 /* SimpleDemo */,
			);
		};
/* End PBXProject section */

/* Begin PBXResourcesBuildPhase section */
		ACB525501E30673C0004F117 /* Resources */ = {
			isa = PBXResourcesBuildPhase;
			buildActionMask = 2147483647;
			files = (
				ACB525651E30673C0004F117 /* LaunchScreen.storyboard in Resources */,
				ACB525621E30673C0004F117 /* Assets.xcassets in Resources */,
				ACB525601E30673C0004F117 /* Main.storyboard in Resources */,
			);
			runOnlyForDeploymentPostprocessing = 0;
		};
/* End PBXResourcesBuildPhase section */

/* Begin PBXSourcesBuildPhase section */
		ACB5254E1E30673C0004F117 /* Sources */ = {
			isa = PBXSourcesBuildPhase;
			buildActionMask = 2147483647;
			files = (
				ACB5255D1E30673C0004F117 /* ViewController.m in Sources */,
				ACB525701E3076600004F117 /* Module.m in Sources */,
				ACB5255A1E30673C0004F117 /* AppDelegate.m in Sources */,
				ACB525571E30673C0004F117 /* main.m in Sources */,
			);
			runOnlyForDeploymentPostprocessing = 0;
		};
/* End PBXSourcesBuildPhase section */

/* Begin PBXVariantGroup section */
		ACB5255E1E30673C0004F117 /* Main.storyboard */ = {
			isa = PBXVariantGroup;
			children = (
				ACB5255F1E30673C0004F117 /* Base */,
			);
			name = Main.storyboard;
			sourceTree = "<group>";
		};
		ACB525631E30673C0004F117 /* LaunchScreen.storyboard */ = {
			isa = PBXVariantGroup;
			children = (
				ACB525641E30673C0004F117 /* Base */,
			);
			name = LaunchScreen.storyboard;
			sourceTree = "<group>";
		};
/* End PBXVariantGroup section */

/* Begin XCBuildConfiguration section */
		ACB525671E30673C0004F117 /* Debug */ = {
			isa = XCBuildConfiguration;
			buildSettings = {
				ALWAYS_SEARCH_USER_PATHS = NO;
				CLANG_ANALYZER_NONNULL = YES;
				CLANG_CXX_LANGUAGE_STANDARD = "gnu++0x";
				CLANG_CXX_LIBRARY = "libc++";
				CLANG_ENABLE_MODULES = YES;
				CLANG_ENABLE_OBJC_ARC = YES;
				CLANG_WARN_BOOL_CONVERSION = YES;
				CLANG_WARN_CONSTANT_CONVERSION = YES;
				CLANG_WARN_DIRECT_OBJC_ISA_USAGE = YES_ERROR;
				CLANG_WARN_DOCUMENTATION_COMMENTS = YES;
				CLANG_WARN_EMPTY_BODY = YES;
				CLANG_WARN_ENUM_CONVERSION = YES;
				CLANG_WARN_INFINITE_RECURSION = YES;
				CLANG_WARN_INT_CONVERSION = YES;
				CLANG_WARN_OBJC_ROOT_CLASS = YES_ERROR;
				CLANG_WARN_SUSPICIOUS_MOVE = YES;
				CLANG_WARN_UNREACHABLE_CODE = YES;
				CLANG_WARN__DUPLICATE_METHOD_MATCH = YES;
				"CODE_SIGN_IDENTITY[sdk=iphoneos*]" = "iPhone Developer";
				COPY_PHASE_STRIP = NO;
				DEBUG_INFORMATION_FORMAT = dwarf;
				ENABLE_STRICT_OBJC_MSGSEND = YES;
				ENABLE_TESTABILITY = YES;
				GCC_C_LANGUAGE_STANDARD = gnu99;
				GCC_DYNAMIC_NO_PIC = NO;
				GCC_NO_COMMON_BLOCKS = YES;
				GCC_OPTIMIZATION_LEVEL = 0;
				GCC_PREPROCESSOR_DEFINITIONS = (
					"DEBUG=1",
					"$(inherited)",
				);
				GCC_WARN_64_TO_32_BIT_CONVERSION = YES;
				GCC_WARN_ABOUT_RETURN_TYPE = YES_ERROR;
				GCC_WARN_UNDECLARED_SELECTOR = YES;
				GCC_WARN_UNINITIALIZED_AUTOS = YES_AGGRESSIVE;
				GCC_WARN_UNUSED_FUNCTION = YES;
				GCC_WARN_UNUSED_VARIABLE = YES;
				IPHONEOS_DEPLOYMENT_TARGET = 10.2;
				MTL_ENABLE_DEBUG_INFO = YES;
				ONLY_ACTIVE_ARCH = YES;
				SDKROOT = iphoneos;
			};
			name = Debug;
		};
		ACB525681E30673C0004F117 /* Release */ = {
			isa = XCBuildConfiguration;
			buildSettings = {
				ALWAYS_SEARCH_USER_PATHS = NO;
				CLANG_ANALYZER_NONNULL = YES;
				CLANG_CXX_LANGUAGE_STANDARD = "gnu++0x";
				CLANG_CXX_LIBRARY = "libc++";
				CLANG_ENABLE_MODULES = YES;
				CLANG_ENABLE_OBJC_ARC = YES;
				CLANG_WARN_BOOL_CONVERSION = YES;
				CLANG_WARN_CONSTANT_CONVERSION = YES;
				CLANG_WARN_DIRECT_OBJC_ISA_USAGE = YES_ERROR;
				CLANG_WARN_DOCUMENTATION_COMMENTS = YES;
				CLANG_WARN_EMPTY_BODY = YES;
				CLANG_WARN_ENUM_CONVERSION = YES;
				CLANG_WARN_INFINITE_RECURSION = YES;
				CLANG_WARN_INT_CONVERSION = YES;
				CLANG_WARN_OBJC_ROOT_CLASS = YES_ERROR;
				CLANG_WARN_SUSPICIOUS_MOVE = YES;
				CLANG_WARN_UNREACHABLE_CODE = YES;
				CLANG_WARN__DUPLICATE_METHOD_MATCH = YES;
				"CODE_SIGN_IDENTITY[sdk=iphoneos*]" = "iPhone Developer";
				COPY_PHASE_STRIP = NO;
				DEBUG_INFORMATION_FORMAT = "dwarf-with-dsym";
				ENABLE_NS_ASSERTIONS = NO;
				ENABLE_STRICT_OBJC_MSGSEND = YES;
				GCC_C_LANGUAGE_STANDARD = gnu99;
				GCC_NO_COMMON_BLOCKS = YES;
				GCC_WARN_64_TO_32_BIT_CONVERSION = YES;
				GCC_WARN_ABOUT_RETURN_TYPE = YES_ERROR;
				GCC_WARN_UNDECLARED_SELECTOR = YES;
				GCC_WARN_UNINITIALIZED_AUTOS = YES_AGGRESSIVE;
				GCC_WARN_UNUSED_FUNCTION = YES;
				GCC_WARN_UNUSED_VARIABLE = YES;
				IPHONEOS_DEPLOYMENT_TARGET = 10.2;
				MTL_ENABLE_DEBUG_INFO = NO;
				SDKROOT = iphoneos;
				VALIDATE_PRODUCT = YES;
			};
			name = Release;
		};
		ACB5256A1E30673C0004F117 /* Debug */ = {
			isa = XCBuildConfiguration;
			buildSettings = {
				ASSETCATALOG_COMPILER_APPICON_NAME = AppIcon;
				DEVELOPMENT_TEAM = 9RAUZ2WM43;
				INFOPLIST_FILE = SimpleDemo/Info.plist;
				LD_RUNPATH_SEARCH_PATHS = "$(inherited) @executable_path/Frameworks";
				PRODUCT_BUNDLE_IDENTIFIER = com.XZY.SimpleDemo;
				PRODUCT_NAME = "$(TARGET_NAME)";
			};
			name = Debug;
		};
		ACB5256B1E30673C0004F117 /* Release */ = {
			isa = XCBuildConfiguration;
			buildSettings = {
				ASSETCATALOG_COMPILER_APPICON_NAME = AppIcon;
				DEVELOPMENT_TEAM = 9RAUZ2WM43;
				INFOPLIST_FILE = SimpleDemo/Info.plist;
				LD_RUNPATH_SEARCH_PATHS = "$(inherited) @executable_path/Frameworks";
				PRODUCT_BUNDLE_IDENTIFIER = com.XZY.SimpleDemo;
				PRODUCT_NAME = "$(TARGET_NAME)";
			};
			name = Release;
		};
/* End XCBuildConfiguration section */

/* Begin XCConfigurationList section */
		ACB5254D1E30673C0004F117 /* Build configuration list for PBXProject "SimpleDemo" */ = {
			isa = XCConfigurationList;
			buildConfigurations = (
				ACB525671E30673C0004F117 /* Debug */,
				ACB525681E30673C0004F117 /* Release */,
			);
			defaultConfigurationIsVisible = 0;
			defaultConfigurationName = Release;
		};
		ACB525691E30673C0004F117 /* Build configuration list for PBXNativeTarget "SimpleDemo" */ = {
			isa = XCConfigurationList;
			buildConfigurations = (
				ACB5256A1E30673C0004F117 /* Debug */,
				ACB5256B1E30673C0004F117 /* Release */,
			);
			defaultConfigurationIsVisible = 0;
			defaultConfigurationName = Release;
		};
/* End XCConfigurationList section */
	};
	rootObject = ACB5254A1E30673C0004F117 /* Project object */;
}
